
Microsoft Visual Studio Solution File, Format Version 12.00
# Visual Studio Version 16
VisualStudioVersion = 16.0.29613.14
MinimumVisualStudioVersion = 10.0.40219.1
Project("{FAE04EC0-301F-11D3-BF4B-00C04F79EFBC}") = "Histogram", "Histogram\Histogram.csproj", "{0291E695-D1B4-45D5-B4FA-7FD4D366344B}"
EndProject
Global
	GlobalSection(SolutionConfigurationPlatforms) = preSolution
		Debug|Any CPU = Debug|Any CPU
		Release|Any CPU = Release|Any CPU
	EndGlobalSection
	GlobalSection(ProjectConfigurationPlatforms) = postSolution
		{0291E695-D1B4-45D5-B4FA-7FD4D366344B}.Debug|Any CPU.ActiveCfg = Debug|Any CPU
		{0291E695-D1B4-45D5-B4FA-7FD4D366344B}.Debug|Any CPU.Build.0 = Debug|Any CPU
		{0291E695-D1B4-45D5-B4FA-7FD4D366344B}.Release|Any CPU.ActiveCfg = Release|Any CPU
		{0291E695-D1B4-45D5-B4FA-7FD4D366344B}.Release|Any CPU.Build.0 = Release|Any CPU
	EndGlobalSection
	GlobalSection(SolutionProperties) = preSolution
		HideSolutionNode = FALSE
	EndGlobalSection
	GlobalSection(ExtensibilityGlobals) = postSolution
		SolutionGuid = {8B14A1E3-D226-4F25-A3EF-05E7D2809FA8}
	EndGlobalSection
EndGlobal
